# This file is automatically @generated by Cargo.
# It is not intended for manual editing.
version = 3

[[package]]
name = "lang-api"
version = "0.0.0"

[[package]]
name = "otui-core"
version = "0.0.0"
dependencies = [
 "lang-api",
]

[[package]]
name = "otui-lsp-server"
version = "0.0.0"
dependencies = [
 "lang-api",
 "otui-core",
]

[[package]]
name = "xtask"
version = "0.0.0"
